
Microsoft Visual Studio Solution File, Format Version 12.00
# Visual Studio Version 17
VisualStudioVersion = 17.5.002.0
MinimumVisualStudioVersion = 10.0.40219.1
Project("{9A19103F-16F7-4668-BE54-9A1E7A4F7556}") = "TaskManagerAPI", "TaskManagerAPI.csproj", "{8D16D47B-5C08-418E-AE6F-37E375DAE104}"
EndProject
Global
	GlobalSection(SolutionConfigurationPlatforms) = preSolution
		Debug|Any CPU = Debug|Any CPU
		Release|Any CPU = Release|Any CPU
	EndGlobalSection
	GlobalSection(ProjectConfigurationPlatforms) = postSolution
		{8D16D47B-5C08-418E-AE6F-37E375DAE104}.Debug|Any CPU.ActiveCfg = Debug|Any CPU
		{8D16D47B-5C08-418E-AE6F-37E375DAE104}.Debug|Any CPU.Build.0 = Debug|Any CPU
		{8D16D47B-5C08-418E-AE6F-37E375DAE104}.Release|Any CPU.ActiveCfg = Release|Any CPU
		{8D16D47B-5C08-418E-AE6F-37E375DAE104}.Release|Any CPU.Build.0 = Release|Any CPU
	EndGlobalSection
	GlobalSection(SolutionProperties) = preSolution
		HideSolutionNode = FALSE
	EndGlobalSection
	GlobalSection(ExtensibilityGlobals) = postSolution
		SolutionGuid = {42E0AD23-6DC4-4E81-8508-0439D3507419}
	EndGlobalSection
EndGlobal
